
Microsoft Visual Studio Solution File, Format Version 12.00
# Visual Studio Version 16
VisualStudioVersion = 16.0.32002.261
MinimumVisualStudioVersion = 10.0.40219.1
Project("{FAE04EC0-301F-11D3-BF4B-00C04F79EFBC}") = "mvc2", "mvc2\mvc2.csproj", "{D1AF3612-E9AC-480D-88CC-B942D95376A7}"
EndProject
Global
	GlobalSection(SolutionConfigurationPlatforms) = preSolution
		Debug|Any CPU = Debug|Any CPU
		Release|Any CPU = Release|Any CPU
	EndGlobalSection
	GlobalSection(ProjectConfigurationPlatforms) = postSolution
		{D1AF3612-E9AC-480D-88CC-B942D95376A7}.Debug|Any CPU.ActiveCfg = Debug|Any CPU
		{D1AF3612-E9AC-480D-88CC-B942D95376A7}.Debug|Any CPU.Build.0 = Debug|Any CPU
		{D1AF3612-E9AC-480D-88CC-B942D95376A7}.Release|Any CPU.ActiveCfg = Release|Any CPU
		{D1AF3612-E9AC-480D-88CC-B942D95376A7}.Release|Any CPU.Build.0 = Release|Any CPU
	EndGlobalSection
	GlobalSection(SolutionProperties) = preSolution
		HideSolutionNode = FALSE
	EndGlobalSection
	GlobalSection(ExtensibilityGlobals) = postSolution
		SolutionGuid = {2008DC0C-937B-4B69-9207-C185E43392C0}
	EndGlobalSection
EndGlobal
