
Microsoft Visual Studio Solution File, Format Version 12.00
# Visual Studio Version 16
VisualStudioVersion = 16.0.32002.261
MinimumVisualStudioVersion = 10.0.40219.1
Project("{FAE04EC0-301F-11D3-BF4B-00C04F79EFBC}") = "2wayapproach", "2wayapproach\2wayapproach.csproj", "{16C0C690-9804-4FA0-95BA-6BE1B0157FB9}"
EndProject
Global
	GlobalSection(SolutionConfigurationPlatforms) = preSolution
		Debug|Any CPU = Debug|Any CPU
		Release|Any CPU = Release|Any CPU
	EndGlobalSection
	GlobalSection(ProjectConfigurationPlatforms) = postSolution
		{16C0C690-9804-4FA0-95BA-6BE1B0157FB9}.Debug|Any CPU.ActiveCfg = Debug|Any CPU
		{16C0C690-9804-4FA0-95BA-6BE1B0157FB9}.Debug|Any CPU.Build.0 = Debug|Any CPU
		{16C0C690-9804-4FA0-95BA-6BE1B0157FB9}.Release|Any CPU.ActiveCfg = Release|Any CPU
		{16C0C690-9804-4FA0-95BA-6BE1B0157FB9}.Release|Any CPU.Build.0 = Release|Any CPU
	EndGlobalSection
	GlobalSection(SolutionProperties) = preSolution
		HideSolutionNode = FALSE
	EndGlobalSection
	GlobalSection(ExtensibilityGlobals) = postSolution
		SolutionGuid = {A3C07099-A740-45F4-B0B1-D95ED4AA9207}
	EndGlobalSection
EndGlobal
