
Microsoft Visual Studio Solution File, Format Version 12.00
# Visual Studio Version 16
VisualStudioVersion = 16.0.32002.261
MinimumVisualStudioVersion = 10.0.40219.1
Project("{FAE04EC0-301F-11D3-BF4B-00C04F79EFBC}") = "MVC7", "MVC7\MVC7.csproj", "{69657CA5-5F83-445E-AA31-59144419D58A}"
EndProject
Global
	GlobalSection(SolutionConfigurationPlatforms) = preSolution
		Debug|Any CPU = Debug|Any CPU
		Release|Any CPU = Release|Any CPU
	EndGlobalSection
	GlobalSection(ProjectConfigurationPlatforms) = postSolution
		{69657CA5-5F83-445E-AA31-59144419D58A}.Debug|Any CPU.ActiveCfg = Debug|Any CPU
		{69657CA5-5F83-445E-AA31-59144419D58A}.Debug|Any CPU.Build.0 = Debug|Any CPU
		{69657CA5-5F83-445E-AA31-59144419D58A}.Release|Any CPU.ActiveCfg = Release|Any CPU
		{69657CA5-5F83-445E-AA31-59144419D58A}.Release|Any CPU.Build.0 = Release|Any CPU
	EndGlobalSection
	GlobalSection(SolutionProperties) = preSolution
		HideSolutionNode = FALSE
	EndGlobalSection
	GlobalSection(ExtensibilityGlobals) = postSolution
		SolutionGuid = {D129BA54-1992-4A33-B32F-400AE09E2B0D}
	EndGlobalSection
EndGlobal
