
Microsoft Visual Studio Solution File, Format Version 12.00
# Visual Studio Version 16
VisualStudioVersion = 16.0.32002.261
MinimumVisualStudioVersion = 10.0.40219.1
Project("{FAE04EC0-301F-11D3-BF4B-00C04F79EFBC}") = "OnlineProductStore", "OnlineProductStore\OnlineProductStore.csproj", "{8C98A6B2-C5B3-4695-9413-DEE7C3C640F4}"
EndProject
Global
	GlobalSection(SolutionConfigurationPlatforms) = preSolution
		Debug|Any CPU = Debug|Any CPU
		Release|Any CPU = Release|Any CPU
	EndGlobalSection
	GlobalSection(ProjectConfigurationPlatforms) = postSolution
		{8C98A6B2-C5B3-4695-9413-DEE7C3C640F4}.Debug|Any CPU.ActiveCfg = Debug|Any CPU
		{8C98A6B2-C5B3-4695-9413-DEE7C3C640F4}.Debug|Any CPU.Build.0 = Debug|Any CPU
		{8C98A6B2-C5B3-4695-9413-DEE7C3C640F4}.Release|Any CPU.ActiveCfg = Release|Any CPU
		{8C98A6B2-C5B3-4695-9413-DEE7C3C640F4}.Release|Any CPU.Build.0 = Release|Any CPU
	EndGlobalSection
	GlobalSection(SolutionProperties) = preSolution
		HideSolutionNode = FALSE
	EndGlobalSection
	GlobalSection(ExtensibilityGlobals) = postSolution
		SolutionGuid = {426328A1-2659-42D6-8B85-B21126DD414A}
	EndGlobalSection
EndGlobal
