
Microsoft Visual Studio Solution File, Format Version 12.00
# Visual Studio Version 16
VisualStudioVersion = 16.0.32002.261
MinimumVisualStudioVersion = 10.0.40219.1
Project("{FAE04EC0-301F-11D3-BF4B-00C04F79EFBC}") = "ConsoleApp9", "ConsoleApp9\ConsoleApp9.csproj", "{874A08B6-843C-4175-8091-BC2E9E1EA8F3}"
EndProject
Global
	GlobalSection(SolutionConfigurationPlatforms) = preSolution
		Debug|Any CPU = Debug|Any CPU
		Release|Any CPU = Release|Any CPU
	EndGlobalSection
	GlobalSection(ProjectConfigurationPlatforms) = postSolution
		{874A08B6-843C-4175-8091-BC2E9E1EA8F3}.Debug|Any CPU.ActiveCfg = Debug|Any CPU
		{874A08B6-843C-4175-8091-BC2E9E1EA8F3}.Debug|Any CPU.Build.0 = Debug|Any CPU
		{874A08B6-843C-4175-8091-BC2E9E1EA8F3}.Release|Any CPU.ActiveCfg = Release|Any CPU
		{874A08B6-843C-4175-8091-BC2E9E1EA8F3}.Release|Any CPU.Build.0 = Release|Any CPU
	EndGlobalSection
	GlobalSection(SolutionProperties) = preSolution
		HideSolutionNode = FALSE
	EndGlobalSection
	GlobalSection(ExtensibilityGlobals) = postSolution
		SolutionGuid = {49473CBE-F585-445C-954C-1A988DCB00A8}
	EndGlobalSection
EndGlobal
