
Microsoft Visual Studio Solution File, Format Version 12.00
# Visual Studio Version 16
VisualStudioVersion = 16.0.32002.261
MinimumVisualStudioVersion = 10.0.40219.1
Project("{FAE04EC0-301F-11D3-BF4B-00C04F79EFBC}") = "ConsoleApp4", "ConsoleApp4\ConsoleApp4.csproj", "{FEB0EFCD-C6E0-4A22-A800-937A17B445CE}"
EndProject
Global
	GlobalSection(SolutionConfigurationPlatforms) = preSolution
		Debug|Any CPU = Debug|Any CPU
		Release|Any CPU = Release|Any CPU
	EndGlobalSection
	GlobalSection(ProjectConfigurationPlatforms) = postSolution
		{FEB0EFCD-C6E0-4A22-A800-937A17B445CE}.Debug|Any CPU.ActiveCfg = Debug|Any CPU
		{FEB0EFCD-C6E0-4A22-A800-937A17B445CE}.Debug|Any CPU.Build.0 = Debug|Any CPU
		{FEB0EFCD-C6E0-4A22-A800-937A17B445CE}.Release|Any CPU.ActiveCfg = Release|Any CPU
		{FEB0EFCD-C6E0-4A22-A800-937A17B445CE}.Release|Any CPU.Build.0 = Release|Any CPU
	EndGlobalSection
	GlobalSection(SolutionProperties) = preSolution
		HideSolutionNode = FALSE
	EndGlobalSection
	GlobalSection(ExtensibilityGlobals) = postSolution
		SolutionGuid = {26E27945-5F00-4BC2-AC77-6F39ED3C3387}
	EndGlobalSection
EndGlobal
