
Microsoft Visual Studio Solution File, Format Version 12.00
# Visual Studio Version 16
VisualStudioVersion = 16.0.32002.261
MinimumVisualStudioVersion = 10.0.40219.1
Project("{FAE04EC0-301F-11D3-BF4B-00C04F79EFBC}") = "ConsoleApp12", "ConsoleApp12\ConsoleApp12.csproj", "{B4A70DFD-CF5F-49CA-962F-84AB32FFC8E4}"
EndProject
Global
	GlobalSection(SolutionConfigurationPlatforms) = preSolution
		Debug|Any CPU = Debug|Any CPU
		Release|Any CPU = Release|Any CPU
	EndGlobalSection
	GlobalSection(ProjectConfigurationPlatforms) = postSolution
		{B4A70DFD-CF5F-49CA-962F-84AB32FFC8E4}.Debug|Any CPU.ActiveCfg = Debug|Any CPU
		{B4A70DFD-CF5F-49CA-962F-84AB32FFC8E4}.Debug|Any CPU.Build.0 = Debug|Any CPU
		{B4A70DFD-CF5F-49CA-962F-84AB32FFC8E4}.Release|Any CPU.ActiveCfg = Release|Any CPU
		{B4A70DFD-CF5F-49CA-962F-84AB32FFC8E4}.Release|Any CPU.Build.0 = Release|Any CPU
	EndGlobalSection
	GlobalSection(SolutionProperties) = preSolution
		HideSolutionNode = FALSE
	EndGlobalSection
	GlobalSection(ExtensibilityGlobals) = postSolution
		SolutionGuid = {2F7B5CD7-E281-4450-B752-1F876F520308}
	EndGlobalSection
EndGlobal
