
Microsoft Visual Studio Solution File, Format Version 12.00
# Visual Studio Version 16
VisualStudioVersion = 16.0.32002.261
MinimumVisualStudioVersion = 10.0.40219.1
Project("{FAE04EC0-301F-11D3-BF4B-00C04F79EFBC}") = "twowayapproach", "twowayapproach\twowayapproach.csproj", "{34A6E61C-689A-445A-97D3-6F517CECE138}"
EndProject
Global
	GlobalSection(SolutionConfigurationPlatforms) = preSolution
		Debug|Any CPU = Debug|Any CPU
		Release|Any CPU = Release|Any CPU
	EndGlobalSection
	GlobalSection(ProjectConfigurationPlatforms) = postSolution
		{34A6E61C-689A-445A-97D3-6F517CECE138}.Debug|Any CPU.ActiveCfg = Debug|Any CPU
		{34A6E61C-689A-445A-97D3-6F517CECE138}.Debug|Any CPU.Build.0 = Debug|Any CPU
		{34A6E61C-689A-445A-97D3-6F517CECE138}.Release|Any CPU.ActiveCfg = Release|Any CPU
		{34A6E61C-689A-445A-97D3-6F517CECE138}.Release|Any CPU.Build.0 = Release|Any CPU
	EndGlobalSection
	GlobalSection(SolutionProperties) = preSolution
		HideSolutionNode = FALSE
	EndGlobalSection
	GlobalSection(ExtensibilityGlobals) = postSolution
		SolutionGuid = {A559A07E-1626-47DA-8007-50EA2EAB968F}
	EndGlobalSection
EndGlobal
